Microsoft Visual Studio Solution File, Format Version 12.00
# Visual Studio Version 17
VisualStudioVersion = 17.0.31903.59
MinimumVisualStudioVersion = 10.0.40219.1
Project("{FAE04EC0-301F-11D3-BF4B-00C04F79EFBC}") = "{{ PrefixName }}{{ SuffixName }}.API", "{{ PrefixName }}{{ SuffixName }}.API\{{ PrefixName }}{{ SuffixName }}.API.csproj", "{{ API_UUID }}"
EndProject
Project("{FAE04EC0-301F-11D3-BF4B-00C04F79EFBC}") = "{{ PrefixName }}{{ SuffixName }}.Client", "{{ PrefixName }}{{ SuffixName }}.Client\{{ PrefixName }}{{ SuffixName }}.Client.csproj", "{{ CLIENT_UUID }}"
EndProject
Project("{FAE04EC0-301F-11D3-BF4B-00C04F79EFBC}") = "{{ PrefixName }}{{ SuffixName }}.Core", "{{ PrefixName }}{{ SuffixName }}.Core\{{ PrefixName }}{{ SuffixName }}.Core.csproj", "{{ CORE_UUID }}"
EndProject
Project("{FAE04EC0-301F-11D3-BF4B-00C04F79EFBC}") = "{{ PrefixName }}{{ SuffixName }}.Server", "{{ PrefixName }}{{ SuffixName }}.Server\{{ PrefixName }}{{ SuffixName }}.Server.csproj", "{{ SERVER_UUID }}"
EndProject{% if persistence != 'None' %}
Project("{FAE04EC0-301F-11D3-BF4B-00C04F79EFBC}") = "{{ PrefixName }}{{ SuffixName }}.Persistence", "{{ PrefixName }}{{ SuffixName }}.Persistence\{{ PrefixName }}{{ SuffixName }}.Persistence.csproj", "{{ PERSISTENCE_UUID }}"
EndProject{% endif %}
Project("{FAE04EC0-301F-11D3-BF4B-00C04F79EFBC}") = "{{ PrefixName }}{{ SuffixName }}.IntegrationTests", "{{ PrefixName }}{{ SuffixName }}.IntegrationTests\{{ PrefixName }}{{ SuffixName }}.IntegrationTests.csproj", "{{ IT_UUID }}"
EndProject
Project("{FAE04EC0-301F-11D3-BF4B-00C04F79EFBC}") = "{{ PrefixName }}{{ SuffixName }}.UnitTests", "{{ PrefixName }}{{ SuffixName }}.UnitTests\{{ PrefixName }}{{ SuffixName }}.UnitTests.csproj", "{{ UT_UUID }}"
EndProject
Global
	GlobalSection(SolutionConfigurationPlatforms) = preSolution
		Debug|Any CPU = Debug|Any CPU
		Release|Any CPU = Release|Any CPU
	EndGlobalSection
	GlobalSection(SolutionProperties) = preSolution
		HideSolutionNode = FALSE
	EndGlobalSection
	GlobalSection(ProjectConfigurationPlatforms) = postSolution
		{{ API_UUID }}.Debug|Any CPU.ActiveCfg = Debug|Any CPU
		{{ API_UUID }}.Debug|Any CPU.Build.0 = Debug|Any CPU
		{{ API_UUID }}.Release|Any CPU.ActiveCfg = Release|Any CPU
		{{ API_UUID }}.Release|Any CPU.Build.0 = Release|Any CPU
		{{ CLIENT_UUID }}.Debug|Any CPU.ActiveCfg = Debug|Any CPU
		{{ CLIENT_UUID }}.Debug|Any CPU.Build.0 = Debug|Any CPU
		{{ CLIENT_UUID }}.Release|Any CPU.ActiveCfg = Release|Any CPU
		{{ CLIENT_UUID }}.Release|Any CPU.Build.0 = Release|Any CPU
		{{ CORE_UUID }}.Debug|Any CPU.ActiveCfg = Debug|Any CPU
		{{ CORE_UUID }}.Debug|Any CPU.Build.0 = Debug|Any CPU
		{{ CORE_UUID }}.Release|Any CPU.ActiveCfg = Release|Any CPU
		{{ CORE_UUID }}.Release|Any CPU.Build.0 = Release|Any CPU
		{{ SERVER_UUID }}.Debug|Any CPU.ActiveCfg = Debug|Any CPU
		{{ SERVER_UUID }}.Debug|Any CPU.Build.0 = Debug|Any CPU
		{{ SERVER_UUID }}.Release|Any CPU.ActiveCfg = Release|Any CPU
		{{ SERVER_UUID }}.Release|Any CPU.Build.0 = Release|Any CPU{% if persistence != 'None' %}
		{{ PERSISTENCE_UUID }}.Debug|Any CPU.ActiveCfg = Debug|Any CPU
		{{ PERSISTENCE_UUID }}.Debug|Any CPU.Build.0 = Debug|Any CPU
		{{ PERSISTENCE_UUID }}.Release|Any CPU.ActiveCfg = Release|Any CPU
		{{ PERSISTENCE_UUID }}.Release|Any CPU.Build.0 = Release|Any CPU{% endif %}
		{{ IT_UUID }}.Debug|Any CPU.ActiveCfg = Debug|Any CPU
		{{ IT_UUID }}.Debug|Any CPU.Build.0 = Debug|Any CPU
		{{ IT_UUID }}.Release|Any CPU.ActiveCfg = Release|Any CPU
		{{ IT_UUID }}.Release|Any CPU.Build.0 = Release|Any CPU
		{{ UT_UUID }}.Debug|Any CPU.ActiveCfg = Debug|Any CPU
		{{ UT_UUID }}.Debug|Any CPU.Build.0 = Debug|Any CPU
		{{ UT_UUID }}.Release|Any CPU.ActiveCfg = Release|Any CPU
		{{ UT_UUID }}.Release|Any CPU.Build.0 = Release|Any CPU
	EndGlobalSection
EndGlobal
